<?xml version="1.0" encoding="utf-8"?>
<Project ToolsVersion="4.0" xmlns="http://schemas.microsoft.com/developer/msbuild/2003">
  <ItemGroup>
    <Filter Include="소스 파일">
      <UniqueIdentifier>{4FC737F1-C7A5-4376-A066-2A32D752A2FF}</UniqueIdentifier>
      <Extensions>cpp;c;cc;cxx;def;odl;idl;hpj;bat;asm;asmx</Extensions>
    </Filter>
    <Filter Include="헤더 파일">
      <UniqueIdentifier>{93995380-89BD-4b04-88EB-625FBE52EBFB}</UniqueIdentifier>
      <Extensions>h;hh;hpp;hxx;hm;inl;inc;xsd</Extensions>
    </Filter>
    <Filter Include="리소스 파일">
      <UniqueIdentifier>{67DA6AB6-F800-4c08-8B7A-83BB121AAD01}</UniqueIdentifier>
      <Extensions>rc;ico;cur;bmp;dlg;rc2;rct;bin;rgs;gif;jpg;jpeg;jpe;resx;tiff;tif;png;wav;mfcribbon-ms</Extensions>
    </Filter>
    <Filter Include="Map">
      <UniqueIdentifier>{790852dd-22b7-4f4c-b740-181f659c0c44}</UniqueIdentifier>
    </Filter>
    <Filter Include="Object">
      <UniqueIdentifier>{14bab08b-39f0-4b77-b695-ae7c2e6f153a}</UniqueIdentifier>
    </Filter>
    <Filter Include="Utils">
      <UniqueIdentifier>{d57abd38-b6cb-4132-880f-c16fc58031ec}</UniqueIdentifier>
    </Filter>
    <Filter Include="Scene">
      <UniqueIdentifier>{ef8eec48-344d-4d3c-b47f-1f1d86e97b26}</UniqueIdentifier>
    </Filter>
  </ItemGroup>
  <ItemGroup>
    <Text Include="ReadMe.txt" />
  </ItemGroup>
  <ItemGroup>
    <ClInclude Include="Protocol.h">
      <Filter>헤더 파일</Filter>
    </ClInclude>
    <ClInclude Include="NetworkSTD.h">
      <Filter>헤더 파일</Filter>
    </ClInclude>
    <ClInclude Include="Acceptor.h">
      <Filter>헤더 파일</Filter>
    </ClInclude>
    <ClInclude Include="Thread.h">
      <Filter>헤더 파일</Filter>
    </ClInclude>
    <ClInclude Include="User.h">
      <Filter>헤더 파일</Filter>
    </ClInclude>
    <ClInclude Include="StreamPacket.h">
      <Filter>헤더 파일</Filter>
    </ClInclude>
    <ClInclude Include="WorkThread.h">
      <Filter>헤더 파일</Filter>
    </ClInclude>
    <ClInclude Include="Server.h">
      <Filter>헤더 파일</Filter>
    </ClInclude>
    <ClInclude Include="ServerIOCP.h">
      <Filter>헤더 파일</Filter>
    </ClInclude>
    <ClInclude Include="DebugString.h">
      <Filter>헤더 파일</Filter>
    </ClInclude>
    <ClInclude Include="ServerObj.h">
      <Filter>헤더 파일</Filter>
    </ClInclude>
    <ClInclude Include="Synchronize.h">
      <Filter>헤더 파일</Filter>
    </ClInclude>
    <ClInclude Include="NetworkObject.h">
      <Filter>Object</Filter>
    </ClInclude>
    <ClInclude Include="NetworkGameScene.h">
      <Filter>Scene</Filter>
    </ClInclude>
    <ClInclude Include="NetworkLobbyScene.h">
      <Filter>Scene</Filter>
    </ClInclude>
    <ClInclude Include="Constant.h">
      <Filter>Utils</Filter>
    </ClInclude>
  </ItemGroup>
  <ItemGroup>
    <ClCompile Include="Acceptor.cpp">
      <Filter>소스 파일</Filter>
    </ClCompile>
    <ClCompile Include="Thread.cpp">
      <Filter>소스 파일</Filter>
    </ClCompile>
    <ClCompile Include="User.cpp">
      <Filter>소스 파일</Filter>
    </ClCompile>
    <ClCompile Include="StreamPacket.cpp">
      <Filter>소스 파일</Filter>
    </ClCompile>
    <ClCompile Include="WorkThread.cpp">
      <Filter>소스 파일</Filter>
    </ClCompile>
    <ClCompile Include="Server.cpp">
      <Filter>소스 파일</Filter>
    </ClCompile>
    <ClCompile Include="ServerIOCP.cpp">
      <Filter>소스 파일</Filter>
    </ClCompile>
    <ClCompile Include="DebugString.cpp">
      <Filter>소스 파일</Filter>
    </ClCompile>
    <ClCompile Include="ServerObj.cpp">
      <Filter>소스 파일</Filter>
    </ClCompile>
    <ClCompile Include="Synchronize.cpp">
      <Filter>소스 파일</Filter>
    </ClCompile>
    <ClCompile Include="NetworkObject.cpp">
      <Filter>Object</Filter>
    </ClCompile>
    <ClCompile Include="NetworkGameScene.cpp">
      <Filter>Scene</Filter>
    </ClCompile>
    <ClCompile Include="NetworkLobbyScene.cpp">
      <Filter>Scene</Filter>
    </ClCompile>
  </ItemGroup>
</Project>