
Microsoft Visual Studio Solution File, Format Version 12.00
# Visual Studio 14
VisualStudioVersion = 14.0.25420.1
MinimumVisualStudioVersion = 10.0.40219.1
Project("{8BC9CEB8-8B4A-11D0-8D11-00A0C91BC942}") = "NetworkClass", "NetworkClass\NetworkClass.vcxproj", "{4B74907C-203E-4905-A4C0-435E450E755C}"
EndProject
Project("{8BC9CEB8-8B4A-11D0-8D11-00A0C91BC942}") = "SampleBasisSvr", "SampleBasisSvr\SampleBasisSvr.vcxproj", "{35AFC4F4-58B8-4CAD-A8ED-CC879043D38C}"
	ProjectSection(ProjectDependencies) = postProject
		{4B74907C-203E-4905-A4C0-435E450E755C} = {4B74907C-203E-4905-A4C0-435E450E755C}
	EndProjectSection
EndProject
Global
	GlobalSection(SolutionConfigurationPlatforms) = preSolution
		Debug|x64 = Debug|x64
		Debug|x86 = Debug|x86
		Release|x64 = Release|x64
		Release|x86 = Release|x86
	EndGlobalSection
	GlobalSection(ProjectConfigurationPlatforms) = postSolution
		{4B74907C-203E-4905-A4C0-435E450E755C}.Debug|x64.ActiveCfg = Debug|x64
		{4B74907C-203E-4905-A4C0-435E450E755C}.Debug|x64.Build.0 = Debug|x64
		{4B74907C-203E-4905-A4C0-435E450E755C}.Debug|x86.ActiveCfg = Debug|Win32
		{4B74907C-203E-4905-A4C0-435E450E755C}.Debug|x86.Build.0 = Debug|Win32
		{4B74907C-203E-4905-A4C0-435E450E755C}.Release|x64.ActiveCfg = Release|x64
		{4B74907C-203E-4905-A4C0-435E450E755C}.Release|x64.Build.0 = Release|x64
		{4B74907C-203E-4905-A4C0-435E450E755C}.Release|x86.ActiveCfg = Release|Win32
		{4B74907C-203E-4905-A4C0-435E450E755C}.Release|x86.Build.0 = Release|Win32
		{35AFC4F4-58B8-4CAD-A8ED-CC879043D38C}.Debug|x64.ActiveCfg = Debug|x64
		{35AFC4F4-58B8-4CAD-A8ED-CC879043D38C}.Debug|x64.Build.0 = Debug|x64
		{35AFC4F4-58B8-4CAD-A8ED-CC879043D38C}.Debug|x86.ActiveCfg = Debug|Win32
		{35AFC4F4-58B8-4CAD-A8ED-CC879043D38C}.Debug|x86.Build.0 = Debug|Win32
		{35AFC4F4-58B8-4CAD-A8ED-CC879043D38C}.Release|x64.ActiveCfg = Release|x64
		{35AFC4F4-58B8-4CAD-A8ED-CC879043D38C}.Release|x64.Build.0 = Release|x64
		{35AFC4F4-58B8-4CAD-A8ED-CC879043D38C}.Release|x86.ActiveCfg = Release|Win32
		{35AFC4F4-58B8-4CAD-A8ED-CC879043D38C}.Release|x86.Build.0 = Release|Win32
	EndGlobalSection
	GlobalSection(SolutionProperties) = preSolution
		HideSolutionNode = FALSE
	EndGlobalSection
EndGlobal
